Microsoft Visual Studio Solution File, Format Version 11.00
# Visual Studio 2008

Project("{EB59A856-3398-246F-953E-A30BFF842E89}") = "OneYearMore", "Assembly-CSharp.csproj", "{93399805-E32C-EBF4-4610-FA68E49C75A9}"
EndProject
Project("{EB59A856-3398-246F-953E-A30BFF842E89}") = "OneYearMore", "Assembly-CSharp-Editor.csproj", "{4F87988F-76D1-23C6-90E7-464E339DDA8A}"
EndProject
Global
	GlobalSection(SolutionConfigurationPlatforms) = preSolution
		Debug|Any CPU = Debug|Any CPU
		Release|Any CPU = Release|Any CPU
	EndGlobalSection
	GlobalSection(ProjectConfigurationPlatforms) = postSolution
		{93399805-E32C-EBF4-4610-FA68E49C75A9}.Debug|Any CPU.ActiveCfg = Debug|Any CPU
		{93399805-E32C-EBF4-4610-FA68E49C75A9}.Debug|Any CPU.Build.0 = Debug|Any CPU
		{93399805-E32C-EBF4-4610-FA68E49C75A9}.Release|Any CPU.ActiveCfg = Release|Any CPU
		{93399805-E32C-EBF4-4610-FA68E49C75A9}.Release|Any CPU.Build.0 = Release|Any CPU
		{4F87988F-76D1-23C6-90E7-464E339DDA8A}.Debug|Any CPU.ActiveCfg = Debug|Any CPU
		{4F87988F-76D1-23C6-90E7-464E339DDA8A}.Debug|Any CPU.Build.0 = Debug|Any CPU
		{4F87988F-76D1-23C6-90E7-464E339DDA8A}.Release|Any CPU.ActiveCfg = Release|Any CPU
		{4F87988F-76D1-23C6-90E7-464E339DDA8A}.Release|Any CPU.Build.0 = Release|Any CPU
	EndGlobalSection
	GlobalSection(SolutionProperties) = preSolution
		HideSolutionNode = FALSE
	EndGlobalSection
	GlobalSection(MonoDevelopProperties) = preSolution
		StartupItem = Assembly-CSharp.csproj
	EndGlobalSection
EndGlobal
